// !$*UTF8*$!
{
	archiveVersion = 1;
	classes = {
	};
	objectVersion = 46;
	objects = {

/* Begin PBXBuildFile section */
		BA4AE48814D1B87B00151F63 /* main.m in Sources */ = {isa = PBXBuildFile; fileRef = BADE993014D0DEDD00F2CA68 /* main.m */; };
		BA4AE48914D1B87B00151F63 /* AppDelegate.m in Sources */ = {isa = PBXBuildFile; fileRef = BADE993714D0DEDD00F2CA68 /* AppDelegate.m */; };
		BA4AE48B14D1B87B00151F63 /* utility.c in Sources */ = {isa = PBXBuildFile; fileRef = BACDB6E614D10039008AAC15 /* utility.c */; };
		BA4AE48D14D1B87B00151F63 /* Cocoa.framework in Frameworks */ = {isa = PBXBuildFile; fileRef = BADE992414D0DEDD00F2CA68 /* Cocoa.framework */; };
		BA4AE48E14D1B87B00151F63 /* OpenGL.framework in Frameworks */ = {isa = PBXBuildFile; fileRef = BADE994114D0E06B00F2CA68 /* OpenGL.framework */; };
		BA4AE48F14D1B87B00151F63 /* CoreVideo.framework in Frameworks */ = {isa = PBXBuildFile; fileRef = BADE994314D0E07300F2CA68 /* CoreVideo.framework */; };
		BA4AE49114D1B87B00151F63 /* InfoPlist.strings in Resources */ = {isa = PBXBuildFile; fileRef = BADE992D14D0DEDD00F2CA68 /* InfoPlist.strings */; };
		BA4AE49214D1B87B00151F63 /* Credits.rtf in Resources */ = {isa = PBXBuildFile; fileRef = BADE993314D0DEDD00F2CA68 /* Credits.rtf */; };
		BA4AE49314D1B87B00151F63 /* MainMenu.xib in Resources */ = {isa = PBXBuildFile; fileRef = BADE993914D0DEDD00F2CA68 /* MainMenu.xib */; };
		BA4AE49F14D1B92800151F63 /* sandbox.c in Sources */ = {isa = PBXBuildFile; fileRef = BA4AE49E14D1B92800151F63 /* sandbox.c */; };
		BA4AE4A114D1B94C00151F63 /* sandbox.c in Sources */ = {isa = PBXBuildFile; fileRef = BA4AE49E14D1B92800151F63 /* sandbox.c */; };
		BA5312F814D0F152000B4734 /* sandbox.m in Sources */ = {isa = PBXBuildFile; fileRef = BA5312F714D0F152000B4734 /* sandbox.m */; };
		BAA74F2414D1EE8300B9F697 /* shader.f.glsl in Resources */ = {isa = PBXBuildFile; fileRef = BAA74F2214D1EE8300B9F697 /* shader.f.glsl */; };
		BAA74F2514D1EE8300B9F697 /* shader.v.glsl in Resources */ = {isa = PBXBuildFile; fileRef = BAA74F2314D1EE8300B9F697 /* shader.v.glsl */; };
		BACDB6E214D0FEF9008AAC15 /* sandbox.c in Sources */ = {isa = PBXBuildFile; fileRef = BACDB6DF14D0FEF9008AAC15 /* sandbox.c */; };
		BACDB6E314D0FEF9008AAC15 /* shader.f.glsl in Resources */ = {isa = PBXBuildFile; fileRef = BACDB6E014D0FEF9008AAC15 /* shader.f.glsl */; };
		BACDB6E414D0FEF9008AAC15 /* shader.v.glsl in Resources */ = {isa = PBXBuildFile; fileRef = BACDB6E114D0FEF9008AAC15 /* shader.v.glsl */; };
		BACDB6E714D10039008AAC15 /* utility.c in Sources */ = {isa = PBXBuildFile; fileRef = BACDB6E614D10039008AAC15 /* utility.c */; };
		BADE992514D0DEDD00F2CA68 /* Cocoa.framework in Frameworks */ = {isa = PBXBuildFile; fileRef = BADE992414D0DEDD00F2CA68 /* Cocoa.framework */; };
		BADE992F14D0DEDD00F2CA68 /* InfoPlist.strings in Resources */ = {isa = PBXBuildFile; fileRef = BADE992D14D0DEDD00F2CA68 /* InfoPlist.strings */; };
		BADE993114D0DEDD00F2CA68 /* main.m in Sources */ = {isa = PBXBuildFile; fileRef = BADE993014D0DEDD00F2CA68 /* main.m */; };
		BADE993514D0DEDD00F2CA68 /* Credits.rtf in Resources */ = {isa = PBXBuildFile; fileRef = BADE993314D0DEDD00F2CA68 /* Credits.rtf */; };
		BADE993814D0DEDD00F2CA68 /* AppDelegate.m in Sources */ = {isa = PBXBuildFile; fileRef = BADE993714D0DEDD00F2CA68 /* AppDelegate.m */; };
		BADE993B14D0DEDD00F2CA68 /* MainMenu.xib in Resources */ = {isa = PBXBuildFile; fileRef = BADE993914D0DEDD00F2CA68 /* MainMenu.xib */; };
		BADE994214D0E06B00F2CA68 /* OpenGL.framework in Frameworks */ = {isa = PBXBuildFile; fileRef = BADE994114D0E06B00F2CA68 /* OpenGL.framework */; };
		BADE994414D0E07300F2CA68 /* CoreVideo.framework in Frameworks */ = {isa = PBXBuildFile; fileRef = BADE994314D0E07300F2CA68 /* CoreVideo.framework */; };
		BADE998F14D0EDC000F2CA68 /* main.m in Sources */ = {isa = PBXBuildFile; fileRef = BADE993014D0DEDD00F2CA68 /* main.m */; };
		BADE999014D0EDC000F2CA68 /* AppDelegate.m in Sources */ = {isa = PBXBuildFile; fileRef = BADE993714D0DEDD00F2CA68 /* AppDelegate.m */; };
		BADE999214D0EDC000F2CA68 /* Cocoa.framework in Frameworks */ = {isa = PBXBuildFile; fileRef = BADE992414D0DEDD00F2CA68 /* Cocoa.framework */; };
		BADE999314D0EDC000F2CA68 /* OpenGL.framework in Frameworks */ = {isa = PBXBuildFile; fileRef = BADE994114D0E06B00F2CA68 /* OpenGL.framework */; };
		BADE999414D0EDC000F2CA68 /* CoreVideo.framework in Frameworks */ = {isa = PBXBuildFile; fileRef = BADE994314D0E07300F2CA68 /* CoreVideo.framework */; };
		BADE999614D0EDC000F2CA68 /* InfoPlist.strings in Resources */ = {isa = PBXBuildFile; fileRef = BADE992D14D0DEDD00F2CA68 /* InfoPlist.strings */; };
		BADE999714D0EDC000F2CA68 /* Credits.rtf in Resources */ = {isa = PBXBuildFile; fileRef = BADE993314D0DEDD00F2CA68 /* Credits.rtf */; };
		BADE999814D0EDC000F2CA68 /* MainMenu.xib in Resources */ = {isa = PBXBuildFile; fileRef = BADE993914D0DEDD00F2CA68 /* MainMenu.xib */; };
/* End PBXBuildFile section */

/* Begin PBXFileReference section */
		BA4AE49914D1B87B00151F63 /* Cube.app */ = {isa = PBXFileReference; explicitFileType = wrapper.application; includeInIndex = 0; path = Cube.app; sourceTree = BUILT_PRODUCTS_DIR; };
		BA4AE49E14D1B92800151F63 /* sandbox.c */ = {isa = PBXFileReference; fileEncoding = 4; lastKnownFileType = sourcecode.c.c; path = sandbox.c; sourceTree = "<group>"; };
		BA5312F614D0F152000B4734 /* sandbox.h */ = {isa = PBXFileReference; fileEncoding = 4; lastKnownFileType = sourcecode.c.h; path = sandbox.h; sourceTree = "<group>"; };
		BA5312F714D0F152000B4734 /* sandbox.m */ = {isa = PBXFileReference; fileEncoding = 4; lastKnownFileType = sourcecode.c.objc; path = sandbox.m; sourceTree = "<group>"; };
		BA93777814D1BD9D0091B521 /* vertices.h */ = {isa = PBXFileReference; fileEncoding = 4; path = vertices.h; sourceTree = "<group>"; };
		BAA74F2214D1EE8300B9F697 /* shader.f.glsl */ = {isa = PBXFileReference; fileEncoding = 4; lastKnownFileType = text; path = shader.f.glsl; sourceTree = "<group>"; };
		BAA74F2314D1EE8300B9F697 /* shader.v.glsl */ = {isa = PBXFileReference; fileEncoding = 4; lastKnownFileType = text; path = shader.v.glsl; sourceTree = "<group>"; };
		BACDB6DF14D0FEF9008AAC15 /* sandbox.c */ = {isa = PBXFileReference; fileEncoding = 4; lastKnownFileType = sourcecode.c.c; name = sandbox.c; path = Triangle/sandbox.c; sourceTree = "<group>"; };
		BACDB6E014D0FEF9008AAC15 /* shader.f.glsl */ = {isa = PBXFileReference; fileEncoding = 4; lastKnownFileType = text; name = shader.f.glsl; path = Triangle/shader.f.glsl; sourceTree = "<group>"; };
		BACDB6E114D0FEF9008AAC15 /* shader.v.glsl */ = {isa = PBXFileReference; fileEncoding = 4; lastKnownFileType = text; name = shader.v.glsl; path = Triangle/shader.v.glsl; sourceTree = "<group>"; };
		BACDB6E614D10039008AAC15 /* utility.c */ = {isa = PBXFileReference; fileEncoding = 4; lastKnownFileType = sourcecode.c.c; path = utility.c; sourceTree = "<group>"; };
		BACDB6EE14D111C6008AAC15 /* utility.h */ = {isa = PBXFileReference; fileEncoding = 4; lastKnownFileType = sourcecode.c.h; path = utility.h; sourceTree = "<group>"; };
		BADE992014D0DEDD00F2CA68 /* GLSandbox.app */ = {isa = PBXFileReference; explicitFileType = wrapper.application; includeInIndex = 0; path = GLSandbox.app; sourceTree = BUILT_PRODUCTS_DIR; };
		BADE992414D0DEDD00F2CA68 /* Cocoa.framework */ = {isa = PBXFileReference; lastKnownFileType = wrapper.framework; name = Cocoa.framework; path = System/Library/Frameworks/Cocoa.framework; sourceTree = SDKROOT; };
		BADE992714D0DEDD00F2CA68 /* AppKit.framework */ = {isa = PBXFileReference; lastKnownFileType = wrapper.framework; name = AppKit.framework; path = System/Library/Frameworks/AppKit.framework; sourceTree = SDKROOT; };
		BADE992814D0DEDD00F2CA68 /* CoreData.framework */ = {isa = PBXFileReference; lastKnownFileType = wrapper.framework; name = CoreData.framework; path = System/Library/Frameworks/CoreData.framework; sourceTree = SDKROOT; };
		BADE992914D0DEDD00F2CA68 /* Foundation.framework */ = {isa = PBXFileReference; lastKnownFileType = wrapper.framework; name = Foundation.framework; path = System/Library/Frameworks/Foundation.framework; sourceTree = SDKROOT; };
		BADE992C14D0DEDD00F2CA68 /* GLSandbox-Info.plist */ = {isa = PBXFileReference; lastKnownFileType = text.plist.xml; path = "GLSandbox-Info.plist"; sourceTree = "<group>"; };
		BADE992E14D0DEDD00F2CA68 /* en */ = {isa = PBXFileReference; lastKnownFileType = text.plist.strings; name = en; path = en.lproj/InfoPlist.strings; sourceTree = "<group>"; };
		BADE993014D0DEDD00F2CA68 /* main.m */ = {isa = PBXFileReference; lastKnownFileType = sourcecode.c.objc; path = main.m; sourceTree = "<group>"; };
		BADE993214D0DEDD00F2CA68 /* GLSandbox-Prefix.pch */ = {isa = PBXFileReference; lastKnownFileType = sourcecode.c.h; path = "GLSandbox-Prefix.pch"; sourceTree = "<group>"; };
		BADE993414D0DEDD00F2CA68 /* en */ = {isa = PBXFileReference; lastKnownFileType = text.rtf; name = en; path = en.lproj/Credits.rtf; sourceTree = "<group>"; };
		BADE993614D0DEDD00F2CA68 /* AppDelegate.h */ = {isa = PBXFileReference; lastKnownFileType = sourcecode.c.h; path = AppDelegate.h; sourceTree = "<group>"; };
		BADE993714D0DEDD00F2CA68 /* AppDelegate.m */ = {isa = PBXFileReference; lastKnownFileType = sourcecode.c.objc; path = AppDelegate.m; sourceTree = "<group>"; };
		BADE993A14D0DEDD00F2CA68 /* en */ = {isa = PBXFileReference; lastKnownFileType = file.xib; name = en; path = en.lproj/MainMenu.xib; sourceTree = "<group>"; };
		BADE994114D0E06B00F2CA68 /* OpenGL.framework */ = {isa = PBXFileReference; lastKnownFileType = wrapper.framework; name = OpenGL.framework; path = System/Library/Frameworks/OpenGL.framework; sourceTree = SDKROOT; };
		BADE994314D0E07300F2CA68 /* CoreVideo.framework */ = {isa = PBXFileReference; lastKnownFileType = wrapper.framework; name = CoreVideo.framework; path = System/Library/Frameworks/CoreVideo.framework; sourceTree = SDKROOT; };
		BADE999C14D0EDC000F2CA68 /* Triangle.app */ = {isa = PBXFileReference; explicitFileType = wrapper.application; includeInIndex = 0; path = Triangle.app; sourceTree = BUILT_PRODUCTS_DIR; };
/* End PBXFileReference section */

/* Begin PBXFrameworksBuildPhase section */
		BA4AE48C14D1B87B00151F63 /* Frameworks */ = {
			isa = PBXFrameworksBuildPhase;
			buildActionMask = 2147483647;
			files = (
				BA4AE48D14D1B87B00151F63 /* Cocoa.framework in Frameworks */,
				BA4AE48E14D1B87B00151F63 /* OpenGL.framework in Frameworks */,
				BA4AE48F14D1B87B00151F63 /* CoreVideo.framework in Frameworks */,
			);
			runOnlyForDeploymentPostprocessing = 0;
		};
		BADE991D14D0DEDD00F2CA68 /* Frameworks */ = {
			isa = PBXFrameworksBuildPhase;
			buildActionMask = 2147483647;
			files = (
				BADE992514D0DEDD00F2CA68 /* Cocoa.framework in Frameworks */,
				BADE994214D0E06B00F2CA68 /* OpenGL.framework in Frameworks */,
				BADE994414D0E07300F2CA68 /* CoreVideo.framework in Frameworks */,
			);
			runOnlyForDeploymentPostprocessing = 0;
		};
		BADE999114D0EDC000F2CA68 /* Frameworks */ = {
			isa = PBXFrameworksBuildPhase;
			buildActionMask = 2147483647;
			files = (
				BADE999214D0EDC000F2CA68 /* Cocoa.framework in Frameworks */,
				BADE999314D0EDC000F2CA68 /* OpenGL.framework in Frameworks */,
				BADE999414D0EDC000F2CA68 /* CoreVideo.framework in Frameworks */,
			);
			runOnlyForDeploymentPostprocessing = 0;
		};
/* End PBXFrameworksBuildPhase section */

/* Begin PBXGroup section */
		BA4AE49D14D1B92800151F63 /* Cube */ = {
			isa = PBXGroup;
			children = (
				BAA74F2214D1EE8300B9F697 /* shader.f.glsl */,
				BAA74F2314D1EE8300B9F697 /* shader.v.glsl */,
				BA4AE49E14D1B92800151F63 /* sandbox.c */,
				BA93777814D1BD9D0091B521 /* vertices.h */,
			);
			path = Cube;
			sourceTree = "<group>";
		};
		BA5312EF14D0EFC8000B4734 /* Triangle */ = {
			isa = PBXGroup;
			children = (
				BACDB6DF14D0FEF9008AAC15 /* sandbox.c */,
				BACDB6E014D0FEF9008AAC15 /* shader.f.glsl */,
				BACDB6E114D0FEF9008AAC15 /* shader.v.glsl */,
			);
			name = Triangle;
			sourceTree = "<group>";
		};
		BADE991514D0DEDD00F2CA68 = {
			isa = PBXGroup;
			children = (
				BA4AE49D14D1B92800151F63 /* Cube */,
				BA5312EF14D0EFC8000B4734 /* Triangle */,
				BADE992A14D0DEDD00F2CA68 /* GLSandbox */,
				BADE992314D0DEDD00F2CA68 /* Frameworks */,
				BADE992114D0DEDD00F2CA68 /* Products */,
			);
			sourceTree = "<group>";
		};
		BADE992114D0DEDD00F2CA68 /* Products */ = {
			isa = PBXGroup;
			children = (
				BADE992014D0DEDD00F2CA68 /* GLSandbox.app */,
				BADE999C14D0EDC000F2CA68 /* Triangle.app */,
				BA4AE49914D1B87B00151F63 /* Cube.app */,
			);
			name = Products;
			sourceTree = "<group>";
		};
		BADE992314D0DEDD00F2CA68 /* Frameworks */ = {
			isa = PBXGroup;
			children = (
				BADE992414D0DEDD00F2CA68 /* Cocoa.framework */,
				BADE994114D0E06B00F2CA68 /* OpenGL.framework */,
				BADE994314D0E07300F2CA68 /* CoreVideo.framework */,
				BADE992614D0DEDD00F2CA68 /* Other Frameworks */,
			);
			name = Frameworks;
			sourceTree = "<group>";
		};
		BADE992614D0DEDD00F2CA68 /* Other Frameworks */ = {
			isa = PBXGroup;
			children = (
				BADE992714D0DEDD00F2CA68 /* AppKit.framework */,
				BADE992814D0DEDD00F2CA68 /* CoreData.framework */,
				BADE992914D0DEDD00F2CA68 /* Foundation.framework */,
			);
			name = "Other Frameworks";
			sourceTree = "<group>";
		};
		BADE992A14D0DEDD00F2CA68 /* GLSandbox */ = {
			isa = PBXGroup;
			children = (
				BACDB6EE14D111C6008AAC15 /* utility.h */,
				BACDB6E614D10039008AAC15 /* utility.c */,
				BA5312F614D0F152000B4734 /* sandbox.h */,
				BA5312F714D0F152000B4734 /* sandbox.m */,
				BADE993614D0DEDD00F2CA68 /* AppDelegate.h */,
				BADE993714D0DEDD00F2CA68 /* AppDelegate.m */,
				BADE993914D0DEDD00F2CA68 /* MainMenu.xib */,
				BADE992B14D0DEDD00F2CA68 /* Supporting Files */,
			);
			path = GLSandbox;
			sourceTree = "<group>";
		};
		BADE992B14D0DEDD00F2CA68 /* Supporting Files */ = {
			isa = PBXGroup;
			children = (
				BADE992C14D0DEDD00F2CA68 /* GLSandbox-Info.plist */,
				BADE992D14D0DEDD00F2CA68 /* InfoPlist.strings */,
				BADE993014D0DEDD00F2CA68 /* main.m */,
				BADE993214D0DEDD00F2CA68 /* GLSandbox-Prefix.pch */,
				BADE993314D0DEDD00F2CA68 /* Credits.rtf */,
			);
			name = "Supporting Files";
			sourceTree = "<group>";
		};
/* End PBXGroup section */

/* Begin PBXNativeTarget section */
		BA4AE48614D1B87B00151F63 /* Cube */ = {
			isa = PBXNativeTarget;
			buildConfigurationList = BA4AE49614D1B87B00151F63 /* Build configuration list for PBXNativeTarget "Cube" */;
			buildPhases = (
				BA4AE48714D1B87B00151F63 /* Sources */,
				BA4AE48C14D1B87B00151F63 /* Frameworks */,
				BA4AE49014D1B87B00151F63 /* Resources */,
			);
			buildRules = (
			);
			dependencies = (
			);
			name = Cube;
			productName = GLSandbox;
			productReference = BA4AE49914D1B87B00151F63 /* Cube.app */;
			productType = "com.apple.product-type.application";
		};
		BADE991F14D0DEDD00F2CA68 /* GLSandbox */ = {
			isa = PBXNativeTarget;
			buildConfigurationList = BADE993E14D0DEDD00F2CA68 /* Build configuration list for PBXNativeTarget "GLSandbox" */;
			buildPhases = (
				BADE991C14D0DEDD00F2CA68 /* Sources */,
				BADE991D14D0DEDD00F2CA68 /* Frameworks */,
				BADE991E14D0DEDD00F2CA68 /* Resources */,
			);
			buildRules = (
			);
			dependencies = (
			);
			name = GLSandbox;
			productName = GLSandbox;
			productReference = BADE992014D0DEDD00F2CA68 /* GLSandbox.app */;
			productType = "com.apple.product-type.application";
		};
		BADE998D14D0EDC000F2CA68 /* Triangle */ = {
			isa = PBXNativeTarget;
			buildConfigurationList = BADE999914D0EDC000F2CA68 /* Build configuration list for PBXNativeTarget "Triangle" */;
			buildPhases = (
				BADE998E14D0EDC000F2CA68 /* Sources */,
				BADE999114D0EDC000F2CA68 /* Frameworks */,
				BADE999514D0EDC000F2CA68 /* Resources */,
			);
			buildRules = (
			);
			dependencies = (
			);
			name = Triangle;
			productName = GLSandbox;
			productReference = BADE999C14D0EDC000F2CA68 /* Triangle.app */;
			productType = "com.apple.product-type.application";
		};
/* End PBXNativeTarget section */

/* Begin PBXProject section */
		BADE991714D0DEDD00F2CA68 /* Project object */ = {
			isa = PBXProject;
			attributes = {
				LastUpgradeCheck = 0420;
			};
			buildConfigurationList = BADE991A14D0DEDD00F2CA68 /* Build configuration list for PBXProject "GLSandbox" */;
			compatibilityVersion = "Xcode 3.2";
			developmentRegion = English;
			hasScannedForEncodings = 0;
			knownRegions = (
				en,
			);
			mainGroup = BADE991514D0DEDD00F2CA68;
			productRefGroup = BADE992114D0DEDD00F2CA68 /* Products */;
			projectDirPath = "";
			projectRoot = "";
			targets = (
				BADE991F14D0DEDD00F2CA68 /* GLSandbox */,
				BADE998D14D0EDC000F2CA68 /* Triangle */,
				BA4AE48614D1B87B00151F63 /* Cube */,
			);
		};
/* End PBXProject section */

/* Begin PBXResourcesBuildPhase section */
		BA4AE49014D1B87B00151F63 /* Resources */ = {
			isa = PBXResourcesBuildPhase;
			buildActionMask = 2147483647;
			files = (
				BA4AE49114D1B87B00151F63 /* InfoPlist.strings in Resources */,
				BA4AE49214D1B87B00151F63 /* Credits.rtf in Resources */,
				BA4AE49314D1B87B00151F63 /* MainMenu.xib in Resources */,
				BAA74F2414D1EE8300B9F697 /* shader.f.glsl in Resources */,
				BAA74F2514D1EE8300B9F697 /* shader.v.glsl in Resources */,
			);
			runOnlyForDeploymentPostprocessing = 0;
		};
		BADE991E14D0DEDD00F2CA68 /* Resources */ = {
			isa = PBXResourcesBuildPhase;
			buildActionMask = 2147483647;
			files = (
				BADE992F14D0DEDD00F2CA68 /* InfoPlist.strings in Resources */,
				BADE993514D0DEDD00F2CA68 /* Credits.rtf in Resources */,
				BADE993B14D0DEDD00F2CA68 /* MainMenu.xib in Resources */,
			);
			runOnlyForDeploymentPostprocessing = 0;
		};
		BADE999514D0EDC000F2CA68 /* Resources */ = {
			isa = PBXResourcesBuildPhase;
			buildActionMask = 2147483647;
			files = (
				BADE999614D0EDC000F2CA68 /* InfoPlist.strings in Resources */,
				BADE999714D0EDC000F2CA68 /* Credits.rtf in Resources */,
				BADE999814D0EDC000F2CA68 /* MainMenu.xib in Resources */,
				BACDB6E314D0FEF9008AAC15 /* shader.f.glsl in Resources */,
				BACDB6E414D0FEF9008AAC15 /* shader.v.glsl in Resources */,
			);
			runOnlyForDeploymentPostprocessing = 0;
		};
/* End PBXResourcesBuildPhase section */

/* Begin PBXSourcesBuildPhase section */
		BA4AE48714D1B87B00151F63 /* Sources */ = {
			isa = PBXSourcesBuildPhase;
			buildActionMask = 2147483647;
			files = (
				BA4AE48814D1B87B00151F63 /* main.m in Sources */,
				BA4AE48914D1B87B00151F63 /* AppDelegate.m in Sources */,
				BA4AE4A114D1B94C00151F63 /* sandbox.c in Sources */,
				BA4AE48B14D1B87B00151F63 /* utility.c in Sources */,
			);
			runOnlyForDeploymentPostprocessing = 0;
		};
		BADE991C14D0DEDD00F2CA68 /* Sources */ = {
			isa = PBXSourcesBuildPhase;
			buildActionMask = 2147483647;
			files = (
				BADE993114D0DEDD00F2CA68 /* main.m in Sources */,
				BADE993814D0DEDD00F2CA68 /* AppDelegate.m in Sources */,
				BA5312F814D0F152000B4734 /* sandbox.m in Sources */,
				BA4AE49F14D1B92800151F63 /* sandbox.c in Sources */,
			);
			runOnlyForDeploymentPostprocessing = 0;
		};
		BADE998E14D0EDC000F2CA68 /* Sources */ = {
			isa = PBXSourcesBuildPhase;
			buildActionMask = 2147483647;
			files = (
				BADE998F14D0EDC000F2CA68 /* main.m in Sources */,
				BADE999014D0EDC000F2CA68 /* AppDelegate.m in Sources */,
				BACDB6E214D0FEF9008AAC15 /* sandbox.c in Sources */,
				BACDB6E714D10039008AAC15 /* utility.c in Sources */,
			);
			runOnlyForDeploymentPostprocessing = 0;
		};
/* End PBXSourcesBuildPhase section */

/* Begin PBXVariantGroup section */
		BADE992D14D0DEDD00F2CA68 /* InfoPlist.strings */ = {
			isa = PBXVariantGroup;
			children = (
				BADE992E14D0DEDD00F2CA68 /* en */,
			);
			name = InfoPlist.strings;
			sourceTree = "<group>";
		};
		BADE993314D0DEDD00F2CA68 /* Credits.rtf */ = {
			isa = PBXVariantGroup;
			children = (
				BADE993414D0DEDD00F2CA68 /* en */,
			);
			name = Credits.rtf;
			sourceTree = "<group>";
		};
		BADE993914D0DEDD00F2CA68 /* MainMenu.xib */ = {
			isa = PBXVariantGroup;
			children = (
				BADE993A14D0DEDD00F2CA68 /* en */,
			);
			name = MainMenu.xib;
			sourceTree = "<group>";
		};
/* End PBXVariantGroup section */

/* Begin XCBuildConfiguration section */
		BA4AE49714D1B87B00151F63 /* Debug */ = {
			isa = XCBuildConfiguration;
			buildSettings = {
				GCC_PRECOMPILE_PREFIX_HEADER = YES;
				GCC_PREFIX_HEADER = "GLSandbox/GLSandbox-Prefix.pch";
				INFOPLIST_FILE = "GLSandbox/GLSandbox-Info.plist";
				PRODUCT_NAME = Cube;
				WRAPPER_EXTENSION = app;
			};
			name = Debug;
		};
		BA4AE49814D1B87B00151F63 /* Release */ = {
			isa = XCBuildConfiguration;
			buildSettings = {
				GCC_PRECOMPILE_PREFIX_HEADER = YES;
				GCC_PREFIX_HEADER = "GLSandbox/GLSandbox-Prefix.pch";
				INFOPLIST_FILE = "GLSandbox/GLSandbox-Info.plist";
				PRODUCT_NAME = Cube;
				WRAPPER_EXTENSION = app;
			};
			name = Release;
		};
		BADE993C14D0DEDD00F2CA68 /* Debug */ = {
			isa = XCBuildConfiguration;
			buildSettings = {
				ALWAYS_SEARCH_USER_PATHS = NO;
				ARCHS = "$(ARCHS_STANDARD_64_BIT)";
				COPY_PHASE_STRIP = NO;
				GCC_C_LANGUAGE_STANDARD = gnu99;
				GCC_DYNAMIC_NO_PIC = NO;
				GCC_ENABLE_OBJC_EXCEPTIONS = YES;
				GCC_OPTIMIZATION_LEVEL = 0;
				GCC_PREPROCESSOR_DEFINITIONS = (
					"DEBUG=1",
					"$(inherited)",
				);
				GCC_SYMBOLS_PRIVATE_EXTERN = NO;
				GCC_VERSION = com.apple.compilers.llvm.clang.1_0;
				GCC_WARN_64_TO_32_BIT_CONVERSION = YES;
				GCC_WARN_ABOUT_MISSING_PROTOTYPES = YES;
				GCC_WARN_ABOUT_RETURN_TYPE = YES;
				GCC_WARN_UNUSED_VARIABLE = YES;
				MACOSX_DEPLOYMENT_TARGET = 10.7;
				ONLY_ACTIVE_ARCH = YES;
				SDKROOT = macosx;
			};
			name = Debug;
		};
		BADE993D14D0DEDD00F2CA68 /* Release */ = {
			isa = XCBuildConfiguration;
			buildSettings = {
				ALWAYS_SEARCH_USER_PATHS = NO;
				ARCHS = "$(ARCHS_STANDARD_64_BIT)";
				COPY_PHASE_STRIP = YES;
				DEBUG_INFORMATION_FORMAT = "dwarf-with-dsym";
				GCC_C_LANGUAGE_STANDARD = gnu99;
				GCC_ENABLE_OBJC_EXCEPTIONS = YES;
				GCC_VERSION = com.apple.compilers.llvm.clang.1_0;
				GCC_WARN_64_TO_32_BIT_CONVERSION = YES;
				GCC_WARN_ABOUT_MISSING_PROTOTYPES = YES;
				GCC_WARN_ABOUT_RETURN_TYPE = YES;
				GCC_WARN_UNUSED_VARIABLE = YES;
				MACOSX_DEPLOYMENT_TARGET = 10.7;
				SDKROOT = macosx;
			};
			name = Release;
		};
		BADE993F14D0DEDD00F2CA68 /* Debug */ = {
			isa = XCBuildConfiguration;
			buildSettings = {
				GCC_PRECOMPILE_PREFIX_HEADER = YES;
				GCC_PREFIX_HEADER = "GLSandbox/GLSandbox-Prefix.pch";
				INFOPLIST_FILE = "GLSandbox/GLSandbox-Info.plist";
				PRODUCT_NAME = "$(TARGET_NAME)";
				WRAPPER_EXTENSION = app;
			};
			name = Debug;
		};
		BADE994014D0DEDD00F2CA68 /* Release */ = {
			isa = XCBuildConfiguration;
			buildSettings = {
				GCC_PRECOMPILE_PREFIX_HEADER = YES;
				GCC_PREFIX_HEADER = "GLSandbox/GLSandbox-Prefix.pch";
				INFOPLIST_FILE = "GLSandbox/GLSandbox-Info.plist";
				PRODUCT_NAME = "$(TARGET_NAME)";
				WRAPPER_EXTENSION = app;
			};
			name = Release;
		};
		BADE999A14D0EDC000F2CA68 /* Debug */ = {
			isa = XCBuildConfiguration;
			buildSettings = {
				GCC_PRECOMPILE_PREFIX_HEADER = YES;
				GCC_PREFIX_HEADER = "GLSandbox/GLSandbox-Prefix.pch";
				INFOPLIST_FILE = "GLSandbox/GLSandbox-Info.plist";
				PRODUCT_NAME = Triangle;
				WRAPPER_EXTENSION = app;
			};
			name = Debug;
		};
		BADE999B14D0EDC000F2CA68 /* Release */ = {
			isa = XCBuildConfiguration;
			buildSettings = {
				GCC_PRECOMPILE_PREFIX_HEADER = YES;
				GCC_PREFIX_HEADER = "GLSandbox/GLSandbox-Prefix.pch";
				INFOPLIST_FILE = "GLSandbox/GLSandbox-Info.plist";
				PRODUCT_NAME = Triangle;
				WRAPPER_EXTENSION = app;
			};
			name = Release;
		};
/* End XCBuildConfiguration section */

/* Begin XCConfigurationList section */
		BA4AE49614D1B87B00151F63 /* Build configuration list for PBXNativeTarget "Cube" */ = {
			isa = XCConfigurationList;
			buildConfigurations = (
				BA4AE49714D1B87B00151F63 /* Debug */,
				BA4AE49814D1B87B00151F63 /* Release */,
			);
			defaultConfigurationIsVisible = 0;
			defaultConfigurationName = Release;
		};
		BADE991A14D0DEDD00F2CA68 /* Build configuration list for PBXProject "GLSandbox" */ = {
			isa = XCConfigurationList;
			buildConfigurations = (
				BADE993C14D0DEDD00F2CA68 /* Debug */,
				BADE993D14D0DEDD00F2CA68 /* Release */,
			);
			defaultConfigurationIsVisible = 0;
			defaultConfigurationName = Release;
		};
		BADE993E14D0DEDD00F2CA68 /* Build configuration list for PBXNativeTarget "GLSandbox" */ = {
			isa = XCConfigurationList;
			buildConfigurations = (
				BADE993F14D0DEDD00F2CA68 /* Debug */,
				BADE994014D0DEDD00F2CA68 /* Release */,
			);
			defaultConfigurationIsVisible = 0;
			defaultConfigurationName = Release;
		};
		BADE999914D0EDC000F2CA68 /* Build configuration list for PBXNativeTarget "Triangle" */ = {
			isa = XCConfigurationList;
			buildConfigurations = (
				BADE999A14D0EDC000F2CA68 /* Debug */,
				BADE999B14D0EDC000F2CA68 /* Release */,
			);
			defaultConfigurationIsVisible = 0;
			defaultConfigurationName = Release;
		};
/* End XCConfigurationList section */
	};
	rootObject = BADE991714D0DEDD00F2CA68 /* Project object */;
}
